
Microsoft Visual Studio Solution File, Format Version 12.00
# Visual Studio Version 16
VisualStudioVersion = 16.0.31205.134
MinimumVisualStudioVersion = 10.0.40219.1
Project("{9A19103F-16F7-4668-BE54-9A1E7A4F7556}") = "PickRandomCards", "PickRandomCards\PickRandomCards.csproj", "{049D7383-B609-4332-8FDA-183BA2F2C481}"
EndProject
Project("{9A19103F-16F7-4668-BE54-9A1E7A4F7556}") = "PickACardUI", "PickACardUI\PickACardUI.csproj", "{1B8866B2-07EE-46FB-A459-C9BDBCA1BEF8}"
EndProject
Project("{9A19103F-16F7-4668-BE54-9A1E7A4F7556}") = "SharpenYourPencil_Random", "SharpenYourPencil_Random\SharpenYourPencil_Random.csproj", "{984AC5A0-30A6-4E68-98E2-410D35288F5B}"
EndProject
Project("{9A19103F-16F7-4668-BE54-9A1E7A4F7556}") = "SharpenYourPencil_Clown", "SharpenYourPencil_Clown\SharpenYourPencil_Clown.csproj", "{8B0E48BE-AF2B-4F8A-BFEA-2A2F64D6B26D}"
EndProject
Project("{FAE04EC0-301F-11D3-BF4B-00C04F79EFBC}") = "Exercise_BobJoe", "Exercise_BobJoe\Exercise_BobJoe.csproj", "{5907E7D7-CFB6-45FE-B929-BC80E43B5F4D}"
EndProject
Project("{FAE04EC0-301F-11D3-BF4B-00C04F79EFBC}") = "Exercise_BettingGame", "Exercise_BettingGame\Exercise_BettingGame.csproj", "{105FEB7F-8FBA-4951-A93F-340B6E9F8628}"
EndProject
Global
	GlobalSection(SolutionConfigurationPlatforms) = preSolution
		Debug|Any CPU = Debug|Any CPU
		Release|Any CPU = Release|Any CPU
	EndGlobalSection
	GlobalSection(ProjectConfigurationPlatforms) = postSolution
		{049D7383-B609-4332-8FDA-183BA2F2C481}.Debug|Any CPU.ActiveCfg = Debug|Any CPU
		{049D7383-B609-4332-8FDA-183BA2F2C481}.Debug|Any CPU.Build.0 = Debug|Any CPU
		{049D7383-B609-4332-8FDA-183BA2F2C481}.Release|Any CPU.ActiveCfg = Release|Any CPU
		{049D7383-B609-4332-8FDA-183BA2F2C481}.Release|Any CPU.Build.0 = Release|Any CPU
		{1B8866B2-07EE-46FB-A459-C9BDBCA1BEF8}.Debug|Any CPU.ActiveCfg = Debug|Any CPU
		{1B8866B2-07EE-46FB-A459-C9BDBCA1BEF8}.Debug|Any CPU.Build.0 = Debug|Any CPU
		{1B8866B2-07EE-46FB-A459-C9BDBCA1BEF8}.Release|Any CPU.ActiveCfg = Release|Any CPU
		{1B8866B2-07EE-46FB-A459-C9BDBCA1BEF8}.Release|Any CPU.Build.0 = Release|Any CPU
		{984AC5A0-30A6-4E68-98E2-410D35288F5B}.Debug|Any CPU.ActiveCfg = Debug|Any CPU
		{984AC5A0-30A6-4E68-98E2-410D35288F5B}.Debug|Any CPU.Build.0 = Debug|Any CPU
		{984AC5A0-30A6-4E68-98E2-410D35288F5B}.Release|Any CPU.ActiveCfg = Release|Any CPU
		{984AC5A0-30A6-4E68-98E2-410D35288F5B}.Release|Any CPU.Build.0 = Release|Any CPU
		{8B0E48BE-AF2B-4F8A-BFEA-2A2F64D6B26D}.Debug|Any CPU.ActiveCfg = Debug|Any CPU
		{8B0E48BE-AF2B-4F8A-BFEA-2A2F64D6B26D}.Debug|Any CPU.Build.0 = Debug|Any CPU
		{8B0E48BE-AF2B-4F8A-BFEA-2A2F64D6B26D}.Release|Any CPU.ActiveCfg = Release|Any CPU
		{8B0E48BE-AF2B-4F8A-BFEA-2A2F64D6B26D}.Release|Any CPU.Build.0 = Release|Any CPU
		{5907E7D7-CFB6-45FE-B929-BC80E43B5F4D}.Debug|Any CPU.ActiveCfg = Debug|Any CPU
		{5907E7D7-CFB6-45FE-B929-BC80E43B5F4D}.Debug|Any CPU.Build.0 = Debug|Any CPU
		{5907E7D7-CFB6-45FE-B929-BC80E43B5F4D}.Release|Any CPU.ActiveCfg = Release|Any CPU
		{5907E7D7-CFB6-45FE-B929-BC80E43B5F4D}.Release|Any CPU.Build.0 = Release|Any CPU
		{105FEB7F-8FBA-4951-A93F-340B6E9F8628}.Debug|Any CPU.ActiveCfg = Debug|Any CPU
		{105FEB7F-8FBA-4951-A93F-340B6E9F8628}.Debug|Any CPU.Build.0 = Debug|Any CPU
		{105FEB7F-8FBA-4951-A93F-340B6E9F8628}.Release|Any CPU.ActiveCfg = Release|Any CPU
		{105FEB7F-8FBA-4951-A93F-340B6E9F8628}.Release|Any CPU.Build.0 = Release|Any CPU
	EndGlobalSection
	GlobalSection(SolutionProperties) = preSolution
		HideSolutionNode = FALSE
	EndGlobalSection
	GlobalSection(ExtensibilityGlobals) = postSolution
		SolutionGuid = {D347039D-1134-4002-9FEA-9D5EDEAD3A01}
	EndGlobalSection
EndGlobal
